
Microsoft Visual Studio Solution File, Format Version 12.00
# Visual Studio Version 17
VisualStudioVersion = 17.14.36301.6 d17.14
MinimumVisualStudioVersion = 10.0.40219.1
Project("{FAE04EC0-301F-11D3-BF4B-00C04F79EFBC}") = "DynamicsTest", "DynamicsTest\DynamicsTest.csproj", "{551778A7-9F5B-463E-A1BA-83417CEEAD0D}"
EndProject
Global
	GlobalSection(SolutionConfigurationPlatforms) = preSolution
		Debug|Any CPU = Debug|Any CPU
		Release|Any CPU = Release|Any CPU
	EndGlobalSection
	GlobalSection(ProjectConfigurationPlatforms) = postSolution
		{551778A7-9F5B-463E-A1BA-83417CEEAD0D}.Debug|Any CPU.ActiveCfg = Debug|Any CPU
		{551778A7-9F5B-463E-A1BA-83417CEEAD0D}.Debug|Any CPU.Build.0 = Debug|Any CPU
		{551778A7-9F5B-463E-A1BA-83417CEEAD0D}.Release|Any CPU.ActiveCfg = Release|Any CPU
		{551778A7-9F5B-463E-A1BA-83417CEEAD0D}.Release|Any CPU.Build.0 = Release|Any CPU
	EndGlobalSection
	GlobalSection(SolutionProperties) = preSolution
		HideSolutionNode = FALSE
	EndGlobalSection
	GlobalSection(ExtensibilityGlobals) = postSolution
		SolutionGuid = {C9EBF34A-22B4-43E8-8842-2B538D2732D0}
	EndGlobalSection
EndGlobal
